// !$*UTF8*$!
{
	archiveVersion = 1;
	classes = {
	};
	objectVersion = 51;
	objects = {

/* Begin PBXBuildFile section */
		117FC36F397A1982FB33E7F7 /* Pods_Instagrammmm.framework in Frameworks */ = {isa = PBXBuildFile; fileRef = F06AB8A2791499D7D5B5F37A /* Pods_Instagrammmm.framework */; };
		274A932A3A5B5855E0BBEA73 /* Pods_InstagrammmmTests.framework in Frameworks */ = {isa = PBXBuildFile; fileRef = 2CD7638EEB295A9A80A85EAA /* Pods_InstagrammmmTests.framework */; };
		39393D0ACBB5C4AE2D409B69 /* Pods_Instagrammmm_InstagrammmmUITests.framework in Frameworks */ = {isa = PBXBuildFile; fileRef = D4F09651198F8890C4C42728 /* Pods_Instagrammmm_InstagrammmmUITests.framework */; };
		DB1EA2AC25FF4A7900681F22 /* CameraViewController.swift in Sources */ = {isa = PBXBuildFile; fileRef = DB1EA2AB25FF4A7900681F22 /* CameraViewController.swift */; };
		DB2849202609BD06004DD18A /* CommentCell.swift in Sources */ = {isa = PBXBuildFile; fileRef = DB28491E2609BD06004DD18A /* CommentCell.swift */; };
		DB32A2EA25FDDFC10004E00D /* AppDelegate.swift in Sources */ = {isa = PBXBuildFile; fileRef = DB32A2E925FDDFC10004E00D /* AppDelegate.swift */; };
		DB32A2EC25FDDFC10004E00D /* SceneDelegate.swift in Sources */ = {isa = PBXBuildFile; fileRef = DB32A2EB25FDDFC10004E00D /* SceneDelegate.swift */; };
		DB32A2F125FDDFC10004E00D /* Main.storyboard in Resources */ = {isa = PBXBuildFile; fileRef = DB32A2EF25FDDFC10004E00D /* Main.storyboard */; };
		DB32A2F625FDDFC20004E00D /* LaunchScreen.storyboard in Resources */ = {isa = PBXBuildFile; fileRef = DB32A2F425FDDFC20004E00D /* LaunchScreen.storyboard */; };
		DB32A30125FDDFC20004E00D /* InstagrammmmTests.swift in Sources */ = {isa = PBXBuildFile; fileRef = DB32A30025FDDFC20004E00D /* InstagrammmmTests.swift */; };
		DB32A30C25FDDFC20004E00D /* InstagrammmmUITests.swift in Sources */ = {isa = PBXBuildFile; fileRef = DB32A30B25FDDFC20004E00D /* InstagrammmmUITests.swift */; };
		DB32A32025FDE1C40004E00D /* LoginViewController.swift in Sources */ = {isa = PBXBuildFile; fileRef = DB32A31F25FDE1C40004E00D /* LoginViewController.swift */; };
		DB32A32525FDE1D60004E00D /* FeedViewController.swift in Sources */ = {isa = PBXBuildFile; fileRef = DB32A32425FDE1D60004E00D /* FeedViewController.swift */; };
		DBAE4C3E26002133007D08DC /* Assets.xcassets in Resources */ = {isa = PBXBuildFile; fileRef = DBAE4C3D26002132007D08DC /* Assets.xcassets */; };
		DBB582272601C64F00BB3F2C /* PostCell.swift in Sources */ = {isa = PBXBuildFile; fileRef = DBB582262601C64F00BB3F2C /* PostCell.swift */; };
/* End PBXBuildFile section */

/* Begin PBXContainerItemProxy section */
		DB32A2FD25FDDFC20004E00D /* PBXContainerItemProxy */ = {
			isa = PBXContainerItemProxy;
			containerPortal = DB32A2DE25FDDFC10004E00D /* Project object */;
			proxyType = 1;
			remoteGlobalIDString = DB32A2E525FDDFC10004E00D;
			remoteInfo = Instagrammmm;
		};
		DB32A30825FDDFC20004E00D /* PBXContainerItemProxy */ = {
			isa = PBXContainerItemProxy;
			containerPortal = DB32A2DE25FDDFC10004E00D /* Project object */;
			proxyType = 1;
			remoteGlobalIDString = DB32A2E525FDDFC10004E00D;
			remoteInfo = Instagrammmm;
		};
/* End PBXContainerItemProxy section */

/* Begin PBXFileReference section */
		07CC9B21D3EAE07320E24C15 /* Pods-InstagrammmmTests.debug.xcconfig */ = {isa = PBXFileReference; includeInIndex = 1; lastKnownFileType = text.xcconfig; name = "Pods-InstagrammmmTests.debug.xcconfig"; path = "Target Support Files/Pods-InstagrammmmTests/Pods-InstagrammmmTests.debug.xcconfig"; sourceTree = "<group>"; };
		1D527C5C93F7D4E285385C1B /* Pods-Instagrammmm.release.xcconfig */ = {isa = PBXFileReference; includeInIndex = 1; lastKnownFileType = text.xcconfig; name = "Pods-Instagrammmm.release.xcconfig"; path = "Target Support Files/Pods-Instagrammmm/Pods-Instagrammmm.release.xcconfig"; sourceTree = "<group>"; };
		2CD7638EEB295A9A80A85EAA /* Pods_InstagrammmmTests.framework */ = {isa = PBXFileReference; explicitFileType = wrapper.framework; includeInIndex = 0; path = Pods_InstagrammmmTests.framework; sourceTree = BUILT_PRODUCTS_DIR; };
		530B6442E14A1BA13803F53C /* Pods-Instagrammmm-InstagrammmmUITests.debug.xcconfig */ = {isa = PBXFileReference; includeInIndex = 1; lastKnownFileType = text.xcconfig; name = "Pods-Instagrammmm-InstagrammmmUITests.debug.xcconfig"; path = "Target Support Files/Pods-Instagrammmm-InstagrammmmUITests/Pods-Instagrammmm-InstagrammmmUITests.debug.xcconfig"; sourceTree = "<group>"; };
		570B6101020FDEF8688B9DD6 /* Pods-Instagrammmm.debug.xcconfig */ = {isa = PBXFileReference; includeInIndex = 1; lastKnownFileType = text.xcconfig; name = "Pods-Instagrammmm.debug.xcconfig"; path = "Target Support Files/Pods-Instagrammmm/Pods-Instagrammmm.debug.xcconfig"; sourceTree = "<group>"; };
		B36576C07F21B46B0E1D2BD6 /* Pods-InstagrammmmTests.release.xcconfig */ = {isa = PBXFileReference; includeInIndex = 1; lastKnownFileType = text.xcconfig; name = "Pods-InstagrammmmTests.release.xcconfig"; path = "Target Support Files/Pods-InstagrammmmTests/Pods-InstagrammmmTests.release.xcconfig"; sourceTree = "<group>"; };
		BC48E4F27FC64FF73FFD4615 /* Pods-Instagrammmm-InstagrammmmUITests.release.xcconfig */ = {isa = PBXFileReference; includeInIndex = 1; lastKnownFileType = text.xcconfig; name = "Pods-Instagrammmm-InstagrammmmUITests.release.xcconfig"; path = "Target Support Files/Pods-Instagrammmm-InstagrammmmUITests/Pods-Instagrammmm-InstagrammmmUITests.release.xcconfig"; sourceTree = "<group>"; };
		D4F09651198F8890C4C42728 /* Pods_Instagrammmm_InstagrammmmUITests.framework */ = {isa = PBXFileReference; explicitFileType = wrapper.framework; includeInIndex = 0; path = Pods_Instagrammmm_InstagrammmmUITests.framework; sourceTree = BUILT_PRODUCTS_DIR; };
		DB1EA2AB25FF4A7900681F22 /* CameraViewController.swift */ = {isa = PBXFileReference; lastKnownFileType = sourcecode.swift; path = CameraViewController.swift; sourceTree = "<group>"; usesTabs = 0; };
		DB28491E2609BD06004DD18A /* CommentCell.swift */ = {isa = PBXFileReference; lastKnownFileType = sourcecode.swift; path = CommentCell.swift; sourceTree = "<group>"; };
		DB32A2E625FDDFC10004E00D /* Instagrammmm.app */ = {isa = PBXFileReference; explicitFileType = wrapper.application; includeInIndex = 0; path = Instagrammmm.app; sourceTree = BUILT_PRODUCTS_DIR; };
		DB32A2E925FDDFC10004E00D /* AppDelegate.swift */ = {isa = PBXFileReference; lastKnownFileType = sourcecode.swift; path = AppDelegate.swift; sourceTree = "<group>"; };
		DB32A2EB25FDDFC10004E00D /* SceneDelegate.swift */ = {isa = PBXFileReference; lastKnownFileType = sourcecode.swift; path = SceneDelegate.swift; sourceTree = "<group>"; };
		DB32A2F025FDDFC10004E00D /* Base */ = {isa = PBXFileReference; lastKnownFileType = file.storyboard; name = Base; path = Base.lproj/Main.storyboard; sourceTree = "<group>"; };
		DB32A2F525FDDFC20004E00D /* Base */ = {isa = PBXFileReference; lastKnownFileType = file.storyboard; name = Base; path = Base.lproj/LaunchScreen.storyboard; sourceTree = "<group>"; };
		DB32A2F725FDDFC20004E00D /* Info.plist */ = {isa = PBXFileReference; lastKnownFileType = text.plist.xml; path = Info.plist; sourceTree = "<group>"; };
		DB32A2FC25FDDFC20004E00D /* InstagrammmmTests.xctest */ = {isa = PBXFileReference; explicitFileType = wrapper.cfbundle; includeInIndex = 0; path = InstagrammmmTests.xctest; sourceTree = BUILT_PRODUCTS_DIR; };
		DB32A30025FDDFC20004E00D /* InstagrammmmTests.swift */ = {isa = PBXFileReference; lastKnownFileType = sourcecode.swift; path = InstagrammmmTests.swift; sourceTree = "<group>"; };
		DB32A30225FDDFC20004E00D /* Info.plist */ = {isa = PBXFileReference; lastKnownFileType = text.plist.xml; path = Info.plist; sourceTree = "<group>"; };
		DB32A30725FDDFC20004E00D /* InstagrammmmUITests.xctest */ = {isa = PBXFileReference; explicitFileType = wrapper.cfbundle; includeInIndex = 0; path = InstagrammmmUITests.xctest; sourceTree = BUILT_PRODUCTS_DIR; };
		DB32A30B25FDDFC20004E00D /* InstagrammmmUITests.swift */ = {isa = PBXFileReference; lastKnownFileType = sourcecode.swift; path = InstagrammmmUITests.swift; sourceTree = "<group>"; };
		DB32A30D25FDDFC20004E00D /* Info.plist */ = {isa = PBXFileReference; lastKnownFileType = text.plist.xml; path = Info.plist; sourceTree = "<group>"; };
		DB32A31F25FDE1C40004E00D /* LoginViewController.swift */ = {isa = PBXFileReference; lastKnownFileType = sourcecode.swift; path = LoginViewController.swift; sourceTree = "<group>"; };
		DB32A32425FDE1D60004E00D /* FeedViewController.swift */ = {isa = PBXFileReference; lastKnownFileType = sourcecode.swift; path = FeedViewController.swift; sourceTree = "<group>"; };
		DBAE4C3D26002132007D08DC /* Assets.xcassets */ = {isa = PBXFileReference; lastKnownFileType = folder.assetcatalog; name = Assets.xcassets; path = ../../Assets.xcassets; sourceTree = "<group>"; };
		DBB582262601C64F00BB3F2C /* PostCell.swift */ = {isa = PBXFileReference; lastKnownFileType = sourcecode.swift; path = PostCell.swift; sourceTree = "<group>"; };
		F06AB8A2791499D7D5B5F37A /* Pods_Instagrammmm.framework */ = {isa = PBXFileReference; explicitFileType = wrapper.framework; includeInIndex = 0; path = Pods_Instagrammmm.framework; sourceTree = BUILT_PRODUCTS_DIR; };
/* End PBXFileReference section */

/* Begin PBXFrameworksBuildPhase section */
		DB32A2E325FDDFC10004E00D /* Frameworks */ = {
			isa = PBXFrameworksBuildPhase;
			buildActionMask = 2147483647;
			files = (
				117FC36F397A1982FB33E7F7 /* Pods_Instagrammmm.framework in Frameworks */,
			);
			runOnlyForDeploymentPostprocessing = 0;
		};
		DB32A2F925FDDFC20004E00D /* Frameworks */ = {
			isa = PBXFrameworksBuildPhase;
			buildActionMask = 2147483647;
			files = (
				274A932A3A5B5855E0BBEA73 /* Pods_InstagrammmmTests.framework in Frameworks */,
			);
			runOnlyForDeploymentPostprocessing = 0;
		};
		DB32A30425FDDFC20004E00D /* Frameworks */ = {
			isa = PBXFrameworksBuildPhase;
			buildActionMask = 2147483647;
			files = (
				39393D0ACBB5C4AE2D409B69 /* Pods_Instagrammmm_InstagrammmmUITests.framework in Frameworks */,
			);
			runOnlyForDeploymentPostprocessing = 0;
		};
/* End PBXFrameworksBuildPhase section */

/* Begin PBXGroup section */
		6F45BC022BB69A5E3A27E779 /* Pods */ = {
			isa = PBXGroup;
			children = (
				570B6101020FDEF8688B9DD6 /* Pods-Instagrammmm.debug.xcconfig */,
				1D527C5C93F7D4E285385C1B /* Pods-Instagrammmm.release.xcconfig */,
				530B6442E14A1BA13803F53C /* Pods-Instagrammmm-InstagrammmmUITests.debug.xcconfig */,
				BC48E4F27FC64FF73FFD4615 /* Pods-Instagrammmm-InstagrammmmUITests.release.xcconfig */,
				07CC9B21D3EAE07320E24C15 /* Pods-InstagrammmmTests.debug.xcconfig */,
				B36576C07F21B46B0E1D2BD6 /* Pods-InstagrammmmTests.release.xcconfig */,
			);
			path = Pods;
			sourceTree = "<group>";
		};
		DB32A2DD25FDDFC10004E00D = {
			isa = PBXGroup;
			children = (
				DB32A2E825FDDFC10004E00D /* Instagrammmm */,
				DB32A2FF25FDDFC20004E00D /* InstagrammmmTests */,
				DB32A30A25FDDFC20004E00D /* InstagrammmmUITests */,
				DB32A2E725FDDFC10004E00D /* Products */,
				6F45BC022BB69A5E3A27E779 /* Pods */,
				E528AF7C205DA048010F5171 /* Frameworks */,
			);
			sourceTree = "<group>";
		};
		DB32A2E725FDDFC10004E00D /* Products */ = {
			isa = PBXGroup;
			children = (
				DB32A2E625FDDFC10004E00D /* Instagrammmm.app */,
				DB32A2FC25FDDFC20004E00D /* InstagrammmmTests.xctest */,
				DB32A30725FDDFC20004E00D /* InstagrammmmUITests.xctest */,
			);
			name = Products;
			sourceTree = "<group>";
		};
		DB32A2E825FDDFC10004E00D /* Instagrammmm */ = {
			isa = PBXGroup;
			children = (
				DB32A2E925FDDFC10004E00D /* AppDelegate.swift */,
				DB32A2EB25FDDFC10004E00D /* SceneDelegate.swift */,
				DBAE4C3D26002132007D08DC /* Assets.xcassets */,
				DB32A2EF25FDDFC10004E00D /* Main.storyboard */,
				DB32A31F25FDE1C40004E00D /* LoginViewController.swift */,
				DB32A32425FDE1D60004E00D /* FeedViewController.swift */,
				DB32A2F425FDDFC20004E00D /* LaunchScreen.storyboard */,
				DB32A2F725FDDFC20004E00D /* Info.plist */,
				DB1EA2AB25FF4A7900681F22 /* CameraViewController.swift */,
				DBB582262601C64F00BB3F2C /* PostCell.swift */,
				DB28491E2609BD06004DD18A /* CommentCell.swift */,
			);
			path = Instagrammmm;
			sourceTree = "<group>";
		};
		DB32A2FF25FDDFC20004E00D /* InstagrammmmTests */ = {
			isa = PBXGroup;
			children = (
				DB32A30025FDDFC20004E00D /* InstagrammmmTests.swift */,
				DB32A30225FDDFC20004E00D /* Info.plist */,
			);
			path = InstagrammmmTests;
			sourceTree = "<group>";
		};
		DB32A30A25FDDFC20004E00D /* InstagrammmmUITests */ = {
			isa = PBXGroup;
			children = (
				DB32A30B25FDDFC20004E00D /* InstagrammmmUITests.swift */,
				DB32A30D25FDDFC20004E00D /* Info.plist */,
			);
			path = InstagrammmmUITests;
			sourceTree = "<group>";
		};
		E528AF7C205DA048010F5171 /* Frameworks */ = {
			isa = PBXGroup;
			children = (
				F06AB8A2791499D7D5B5F37A /* Pods_Instagrammmm.framework */,
				D4F09651198F8890C4C42728 /* Pods_Instagrammmm_InstagrammmmUITests.framework */,
				2CD7638EEB295A9A80A85EAA /* Pods_InstagrammmmTests.framework */,
			);
			name = Frameworks;
			sourceTree = "<group>";
		};
/* End PBXGroup section */

/* Begin PBXNativeTarget section */
		DB32A2E525FDDFC10004E00D /* Instagrammmm */ = {
			isa = PBXNativeTarget;
			buildConfigurationList = DB32A31025FDDFC20004E00D /* Build configuration list for PBXNativeTarget "Instagrammmm" */;
			buildPhases = (
				D1CF20F096834E0D0C56A308 /* [CP] Check Pods Manifest.lock */,
				DB32A2E225FDDFC10004E00D /* Sources */,
				DB32A2E325FDDFC10004E00D /* Frameworks */,
				DB32A2E425FDDFC10004E00D /* Resources */,
				56C9C216D926FADF28B7C56F /* [CP] Embed Pods Frameworks */,
			);
			buildRules = (
			);
			dependencies = (
			);
			name = Instagrammmm;
			productName = Instagrammmm;
			productReference = DB32A2E625FDDFC10004E00D /* Instagrammmm.app */;
			productType = "com.apple.product-type.application";
		};
		DB32A2FB25FDDFC20004E00D /* InstagrammmmTests */ = {
			isa = PBXNativeTarget;
			buildConfigurationList = DB32A31325FDDFC20004E00D /* Build configuration list for PBXNativeTarget "InstagrammmmTests" */;
			buildPhases = (
				F09998E37E55E5AAD7B61C1F /* [CP] Check Pods Manifest.lock */,
				DB32A2F825FDDFC20004E00D /* Sources */,
				DB32A2F925FDDFC20004E00D /* Frameworks */,
				DB32A2FA25FDDFC20004E00D /* Resources */,
			);
			buildRules = (
			);
			dependencies = (
				DB32A2FE25FDDFC20004E00D /* PBXTargetDependency */,
			);
			name = InstagrammmmTests;
			productName = InstagrammmmTests;
			productReference = DB32A2FC25FDDFC20004E00D /* InstagrammmmTests.xctest */;
			productType = "com.apple.product-type.bundle.unit-test";
		};
		DB32A30625FDDFC20004E00D /* InstagrammmmUITests */ = {
			isa = PBXNativeTarget;
			buildConfigurationList = DB32A31625FDDFC20004E00D /* Build configuration list for PBXNativeTarget "InstagrammmmUITests" */;
			buildPhases = (
				F7B7B7E8216C81E63F2EA701 /* [CP] Check Pods Manifest.lock */,
				DB32A30325FDDFC20004E00D /* Sources */,
				DB32A30425FDDFC20004E00D /* Frameworks */,
				DB32A30525FDDFC20004E00D /* Resources */,
				25997B7302500745A61B4E27 /* [CP] Embed Pods Frameworks */,
			);
			buildRules = (
			);
			dependencies = (
				DB32A30925FDDFC20004E00D /* PBXTargetDependency */,
			);
			name = InstagrammmmUITests;
			productName = InstagrammmmUITests;
			productReference = DB32A30725FDDFC20004E00D /* InstagrammmmUITests.xctest */;
			productType = "com.apple.product-type.bundle.ui-testing";
		};
/* End PBXNativeTarget section */

/* Begin PBXProject section */
		DB32A2DE25FDDFC10004E00D /* Project object */ = {
			isa = PBXProject;
			attributes = {
				LastSwiftUpdateCheck = 1240;
				LastUpgradeCheck = 1240;
				TargetAttributes = {
					DB32A2E525FDDFC10004E00D = {
						CreatedOnToolsVersion = 12.4;
					};
					DB32A2FB25FDDFC20004E00D = {
						CreatedOnToolsVersion = 12.4;
						TestTargetID = DB32A2E525FDDFC10004E00D;
					};
					DB32A30625FDDFC20004E00D = {
						CreatedOnToolsVersion = 12.4;
						TestTargetID = DB32A2E525FDDFC10004E00D;
					};
				};
			};
			buildConfigurationList = DB32A2E125FDDFC10004E00D /* Build configuration list for PBXProject "Instagrammmm" */;
			compatibilityVersion = "Xcode 9.3";
			developmentRegion = en;
			hasScannedForEncodings = 0;
			knownRegions = (
				en,
				Base,
			);
			mainGroup = DB32A2DD25FDDFC10004E00D;
			productRefGroup = DB32A2E725FDDFC10004E00D /* Products */;
			projectDirPath = "";
			projectRoot = "";
			targets = (
				DB32A2E525FDDFC10004E00D /* Instagrammmm */,
				DB32A2FB25FDDFC20004E00D /* InstagrammmmTests */,
				DB32A30625FDDFC20004E00D /* InstagrammmmUITests */,
			);
		};
/* End PBXProject section */

/* Begin PBXResourcesBuildPhase section */
		DB32A2E425FDDFC10004E00D /* Resources */ = {
			isa = PBXResourcesBuildPhase;
			buildActionMask = 2147483647;
			files = (
				DB32A2F625FDDFC20004E00D /* LaunchScreen.storyboard in Resources */,
				DBAE4C3E26002133007D08DC /* Assets.xcassets in Resources */,
				DB32A2F125FDDFC10004E00D /* Main.storyboard in Resources */,
			);
			runOnlyForDeploymentPostprocessing = 0;
		};
		DB32A2FA25FDDFC20004E00D /* Resources */ = {
			isa = PBXResourcesBuildPhase;
			buildActionMask = 2147483647;
			files = (
			);
			runOnlyForDeploymentPostprocessing = 0;
		};
		DB32A30525FDDFC20004E00D /* Resources */ = {
			isa = PBXResourcesBuildPhase;
			buildActionMask = 2147483647;
			files = (
			);
			runOnlyForDeploymentPostprocessing = 0;
		};
/* End PBXResourcesBuildPhase section */

/* Begin PBXShellScriptBuildPhase section */
		25997B7302500745A61B4E27 /* [CP] Embed Pods Frameworks */ = {
			isa = PBXShellScriptBuildPhase;
			buildActionMask = 2147483647;
			files = (
			);
			inputFileListPaths = (
				"${PODS_ROOT}/Target Support Files/Pods-Instagrammmm-InstagrammmmUITests/Pods-Instagrammmm-InstagrammmmUITests-frameworks-${CONFIGURATION}-input-files.xcfilelist",
			);
			name = "[CP] Embed Pods Frameworks";
			outputFileListPaths = (
				"${PODS_ROOT}/Target Support Files/Pods-Instagrammmm-InstagrammmmUITests/Pods-Instagrammmm-InstagrammmmUITests-frameworks-${CONFIGURATION}-output-files.xcfilelist",
			);
			runOnlyForDeploymentPostprocessing = 0;
			shellPath = /bin/sh;
			shellScript = "\"${PODS_ROOT}/Target Support Files/Pods-Instagrammmm-InstagrammmmUITests/Pods-Instagrammmm-InstagrammmmUITests-frameworks.sh\"\n";
			showEnvVarsInLog = 0;
		};
		56C9C216D926FADF28B7C56F /* [CP] Embed Pods Frameworks */ = {
			isa = PBXShellScriptBuildPhase;
			buildActionMask = 2147483647;
			files = (
			);
			inputFileListPaths = (
				"${PODS_ROOT}/Target Support Files/Pods-Instagrammmm/Pods-Instagrammmm-frameworks-${CONFIGURATION}-input-files.xcfilelist",
			);
			name = "[CP] Embed Pods Frameworks";
			outputFileListPaths = (
				"${PODS_ROOT}/Target Support Files/Pods-Instagrammmm/Pods-Instagrammmm-frameworks-${CONFIGURATION}-output-files.xcfilelist",
			);
			runOnlyForDeploymentPostprocessing = 0;
			shellPath = /bin/sh;
			shellScript = "\"${PODS_ROOT}/Target Support Files/Pods-Instagrammmm/Pods-Instagrammmm-frameworks.sh\"\n";
			showEnvVarsInLog = 0;
		};
		D1CF20F096834E0D0C56A308 /* [CP] Check Pods Manifest.lock */ = {
			isa = PBXShellScriptBuildPhase;
			buildActionMask = 2147483647;
			files = (
			);
			inputFileListPaths = (
			);
			inputPaths = (
				"${PODS_PODFILE_DIR_PATH}/Podfile.lock",
				"${PODS_ROOT}/Manifest.lock",
			);
			name = "[CP] Check Pods Manifest.lock";
			outputFileListPaths = (
			);
			outputPaths = (
				"$(DERIVED_FILE_DIR)/Pods-Instagrammmm-checkManifestLockResult.txt",
			);
			runOnlyForDeploymentPostprocessing = 0;
			shellPath = /bin/sh;
			shellScript = "diff \"${PODS_PODFILE_DIR_PATH}/Podfile.lock\" \"${PODS_ROOT}/Manifest.lock\" > /dev/null\nif [ $? != 0 ] ; then\n    # print error to STDERR\n    echo \"error: The sandbox is not in sync with the Podfile.lock. Run 'pod install' or update your CocoaPods installation.\" >&2\n    exit 1\nfi\n# This output is used by Xcode 'outputs' to avoid re-running this script phase.\necho \"SUCCESS\" > \"${SCRIPT_OUTPUT_FILE_0}\"\n";
			showEnvVarsInLog = 0;
		};
		F09998E37E55E5AAD7B61C1F /* [CP] Check Pods Manifest.lock */ = {
			isa = PBXShellScriptBuildPhase;
			buildActionMask = 2147483647;
			files = (
			);
			inputFileListPaths = (
			);
			inputPaths = (
				"${PODS_PODFILE_DIR_PATH}/Podfile.lock",
				"${PODS_ROOT}/Manifest.lock",
			);
			name = "[CP] Check Pods Manifest.lock";
			outputFileListPaths = (
			);
			outputPaths = (
				"$(DERIVED_FILE_DIR)/Pods-InstagrammmmTests-checkManifestLockResult.txt",
			);
			runOnlyForDeploymentPostprocessing = 0;
			shellPath = /bin/sh;
			shellScript = "diff \"${PODS_PODFILE_DIR_PATH}/Podfile.lock\" \"${PODS_ROOT}/Manifest.lock\" > /dev/null\nif [ $? != 0 ] ; then\n    # print error to STDERR\n    echo \"error: The sandbox is not in sync with the Podfile.lock. Run 'pod install' or update your CocoaPods installation.\" >&2\n    exit 1\nfi\n# This output is used by Xcode 'outputs' to avoid re-running this script phase.\necho \"SUCCESS\" > \"${SCRIPT_OUTPUT_FILE_0}\"\n";
			showEnvVarsInLog = 0;
		};
		F7B7B7E8216C81E63F2EA701 /* [CP] Check Pods Manifest.lock */ = {
			isa = PBXShellScriptBuildPhase;
			buildActionMask = 2147483647;
			files = (
			);
			inputFileListPaths = (
			);
			inputPaths = (
				"${PODS_PODFILE_DIR_PATH}/Podfile.lock",
				"${PODS_ROOT}/Manifest.lock",
			);
			name = "[CP] Check Pods Manifest.lock";
			outputFileListPaths = (
			);
			outputPaths = (
				"$(DERIVED_FILE_DIR)/Pods-Instagrammmm-InstagrammmmUITests-checkManifestLockResult.txt",
			);
			runOnlyForDeploymentPostprocessing = 0;
			shellPath = /bin/sh;
			shellScript = "diff \"${PODS_PODFILE_DIR_PATH}/Podfile.lock\" \"${PODS_ROOT}/Manifest.lock\" > /dev/null\nif [ $? != 0 ] ; then\n    # print error to STDERR\n    echo \"error: The sandbox is not in sync with the Podfile.lock. Run 'pod install' or update your CocoaPods installation.\" >&2\n    exit 1\nfi\n# This output is used by Xcode 'outputs' to avoid re-running this script phase.\necho \"SUCCESS\" > \"${SCRIPT_OUTPUT_FILE_0}\"\n";
			showEnvVarsInLog = 0;
		};
/* End PBXShellScriptBuildPhase section */

/* Begin PBXSourcesBuildPhase section */
		DB32A2E225FDDFC10004E00D /* Sources */ = {
			isa = PBXSourcesBuildPhase;
			buildActionMask = 2147483647;
			files = (
				DB32A32025FDE1C40004E00D /* LoginViewController.swift in Sources */,
				DB1EA2AC25FF4A7900681F22 /* CameraViewController.swift in Sources */,
				DB32A2EA25FDDFC10004E00D /* AppDelegate.swift in Sources */,
				DB32A32525FDE1D60004E00D /* FeedViewController.swift in Sources */,
				DB32A2EC25FDDFC10004E00D /* SceneDelegate.swift in Sources */,
				DBB582272601C64F00BB3F2C /* PostCell.swift in Sources */,
				DB2849202609BD06004DD18A /* CommentCell.swift in Sources */,
			);
			runOnlyForDeploymentPostprocessing = 0;
		};
		DB32A2F825FDDFC20004E00D /* Sources */ = {
			isa = PBXSourcesBuildPhase;
			buildActionMask = 2147483647;
			files = (
				DB32A30125FDDFC20004E00D /* InstagrammmmTests.swift in Sources */,
			);
			runOnlyForDeploymentPostprocessing = 0;
		};
		DB32A30325FDDFC20004E00D /* Sources */ = {
			isa = PBXSourcesBuildPhase;
			buildActionMask = 2147483647;
			files = (
				DB32A30C25FDDFC20004E00D /* InstagrammmmUITests.swift in Sources */,
			);
			runOnlyForDeploymentPostprocessing = 0;
		};
/* End PBXSourcesBuildPhase section */

/* Begin PBXTargetDependency section */
		DB32A2FE25FDDFC20004E00D /* PBXTargetDependency */ = {
			isa = PBXTargetDependency;
			target = DB32A2E525FDDFC10004E00D /* Instagrammmm */;
			targetProxy = DB32A2FD25FDDFC20004E00D /* PBXContainerItemProxy */;
		};
		DB32A30925FDDFC20004E00D /* PBXTargetDependency */ = {
			isa = PBXTargetDependency;
			target = DB32A2E525FDDFC10004E00D /* Instagrammmm */;
			targetProxy = DB32A30825FDDFC20004E00D /* PBXContainerItemProxy */;
		};
/* End PBXTargetDependency section */

/* Begin PBXVariantGroup section */
		DB32A2EF25FDDFC10004E00D /* Main.storyboard */ = {
			isa = PBXVariantGroup;
			children = (
				DB32A2F025FDDFC10004E00D /* Base */,
			);
			name = Main.storyboard;
			sourceTree = "<group>";
		};
		DB32A2F425FDDFC20004E00D /* LaunchScreen.storyboard */ = {
			isa = PBXVariantGroup;
			children = (
				DB32A2F525FDDFC20004E00D /* Base */,
			);
			name = LaunchScreen.storyboard;
			sourceTree = "<group>";
		};
/* End PBXVariantGroup section */

/* Begin XCBuildConfiguration section */
		DB32A30E25FDDFC20004E00D /* Debug */ = {
			isa = XCBuildConfiguration;
			buildSettings = {
				ALWAYS_SEARCH_USER_PATHS = NO;
				CLANG_ANALYZER_NONNULL = YES;
				CLANG_ANALYZER_NUMBER_OBJECT_CONVERSION = YES_AGGRESSIVE;
				CLANG_CXX_LANGUAGE_STANDARD = "gnu++14";
				CLANG_CXX_LIBRARY = "libc++";
				CLANG_ENABLE_MODULES = YES;
				CLANG_ENABLE_OBJC_ARC = YES;
				CLANG_ENABLE_OBJC_WEAK = YES;
				CLANG_WARN_BLOCK_CAPTURE_AUTORELEASING = YES;
				CLANG_WARN_BOOL_CONVERSION = YES;
				CLANG_WARN_COMMA = YES;
				CLANG_WARN_CONSTANT_CONVERSION = YES;
				CLANG_WARN_DEPRECATED_OBJC_IMPLEMENTATIONS = YES;
				CLANG_WARN_DIRECT_OBJC_ISA_USAGE = YES_ERROR;
				CLANG_WARN_DOCUMENTATION_COMMENTS = YES;
				CLANG_WARN_EMPTY_BODY = YES;
				CLANG_WARN_ENUM_CONVERSION = YES;
				CLANG_WARN_INFINITE_RECURSION = YES;
				CLANG_WARN_INT_CONVERSION = YES;
				CLANG_WARN_NON_LITERAL_NULL_CONVERSION = YES;
				CLANG_WARN_OBJC_IMPLICIT_RETAIN_SELF = YES;
				CLANG_WARN_OBJC_LITERAL_CONVERSION = YES;
				CLANG_WARN_OBJC_ROOT_CLASS = YES_ERROR;
				CLANG_WARN_QUOTED_INCLUDE_IN_FRAMEWORK_HEADER = YES;
				CLANG_WARN_RANGE_LOOP_ANALYSIS = YES;
				CLANG_WARN_STRICT_PROTOTYPES = YES;
				CLANG_WARN_SUSPICIOUS_MOVE = YES;
				CLANG_WARN_UNGUARDED_AVAILABILITY = YES_AGGRESSIVE;
				CLANG_WARN_UNREACHABLE_CODE = YES;
				CLANG_WARN__DUPLICATE_METHOD_MATCH = YES;
				COPY_PHASE_STRIP = NO;
				DEBUG_INFORMATION_FORMAT = dwarf;
				ENABLE_STRICT_OBJC_MSGSEND = YES;
				ENABLE_TESTABILITY = YES;
				GCC_C_LANGUAGE_STANDARD = gnu11;
				GCC_DYNAMIC_NO_PIC = NO;
				GCC_NO_COMMON_BLOCKS = YES;
				GCC_OPTIMIZATION_LEVEL = 0;
				GCC_PREPROCESSOR_DEFINITIONS = (
					"DEBUG=1",
					"$(inherited)",
				);
				GCC_WARN_64_TO_32_BIT_CONVERSION = YES;
				GCC_WARN_ABOUT_RETURN_TYPE = YES_ERROR;
				GCC_WARN_UNDECLARED_SELECTOR = YES;
				GCC_WARN_UNINITIALIZED_AUTOS = YES_AGGRESSIVE;
				GCC_WARN_UNUSED_FUNCTION = YES;
				GCC_WARN_UNUSED_VARIABLE = YES;
				IPHONEOS_DEPLOYMENT_TARGET = 14.4;
				MTL_ENABLE_DEBUG_INFO = INCLUDE_SOURCE;
				MTL_FAST_MATH = YES;
				ONLY_ACTIVE_ARCH = YES;
				SDKROOT = iphoneos;
				SWIFT_ACTIVE_COMPILATION_CONDITIONS = DEBUG;
				SWIFT_OPTIMIZATION_LEVEL = "-Onone";
			};
			name = Debug;
		};
		DB32A30F25FDDFC20004E00D /* Release */ = {
			isa = XCBuildConfiguration;
			buildSettings = {
				ALWAYS_SEARCH_USER_PATHS = NO;
				CLANG_ANALYZER_NONNULL = YES;
				CLANG_ANALYZER_NUMBER_OBJECT_CONVERSION = YES_AGGRESSIVE;
				CLANG_CXX_LANGUAGE_STANDARD = "gnu++14";
				CLANG_CXX_LIBRARY = "libc++";
				CLANG_ENABLE_MODULES = YES;
				CLANG_ENABLE_OBJC_ARC = YES;
				CLANG_ENABLE_OBJC_WEAK = YES;
				CLANG_WARN_BLOCK_CAPTURE_AUTORELEASING = YES;
				CLANG_WARN_BOOL_CONVERSION = YES;
				CLANG_WARN_COMMA = YES;
				CLANG_WARN_CONSTANT_CONVERSION = YES;
				CLANG_WARN_DEPRECATED_OBJC_IMPLEMENTATIONS = YES;
				CLANG_WARN_DIRECT_OBJC_ISA_USAGE = YES_ERROR;
				CLANG_WARN_DOCUMENTATION_COMMENTS = YES;
				CLANG_WARN_EMPTY_BODY = YES;
				CLANG_WARN_ENUM_CONVERSION = YES;
				CLANG_WARN_INFINITE_RECURSION = YES;
				CLANG_WARN_INT_CONVERSION = YES;
				CLANG_WARN_NON_LITERAL_NULL_CONVERSION = YES;
				CLANG_WARN_OBJC_IMPLICIT_RETAIN_SELF = YES;
				CLANG_WARN_OBJC_LITERAL_CONVERSION = YES;
				CLANG_WARN_OBJC_ROOT_CLASS = YES_ERROR;
				CLANG_WARN_QUOTED_INCLUDE_IN_FRAMEWORK_HEADER = YES;
				CLANG_WARN_RANGE_LOOP_ANALYSIS = YES;
				CLANG_WARN_STRICT_PROTOTYPES = YES;
				CLANG_WARN_SUSPICIOUS_MOVE = YES;
				CLANG_WARN_UNGUARDED_AVAILABILITY = YES_AGGRESSIVE;
				CLANG_WARN_UNREACHABLE_CODE = YES;
				CLANG_WARN__DUPLICATE_METHOD_MATCH = YES;
				COPY_PHASE_STRIP = NO;
				DEBUG_INFORMATION_FORMAT = "dwarf-with-dsym";
				ENABLE_NS_ASSERTIONS = NO;
				ENABLE_STRICT_OBJC_MSGSEND = YES;
				GCC_C_LANGUAGE_STANDARD = gnu11;
				GCC_NO_COMMON_BLOCKS = YES;
				GCC_WARN_64_TO_32_BIT_CONVERSION = YES;
				GCC_WARN_ABOUT_RETURN_TYPE = YES_ERROR;
				GCC_WARN_UNDECLARED_SELECTOR = YES;
				GCC_WARN_UNINITIALIZED_AUTOS = YES_AGGRESSIVE;
				GCC_WARN_UNUSED_FUNCTION = YES;
				GCC_WARN_UNUSED_VARIABLE = YES;
				IPHONEOS_DEPLOYMENT_TARGET = 14.4;
				MTL_ENABLE_DEBUG_INFO = NO;
				MTL_FAST_MATH = YES;
				SDKROOT = iphoneos;
				SWIFT_COMPILATION_MODE = wholemodule;
				SWIFT_OPTIMIZATION_LEVEL = "-O";
				VALIDATE_PRODUCT = YES;
			};
			name = Release;
		};
		DB32A31125FDDFC20004E00D /* Debug */ = {
			isa = XCBuildConfiguration;
			baseConfigurationReference = 570B6101020FDEF8688B9DD6 /* Pods-Instagrammmm.debug.xcconfig */;
			buildSettings = {
				ASSETCATALOG_COMPILER_APPICON_NAME = AppIcon;
				ASSETCATALOG_COMPILER_GLOBAL_ACCENT_COLOR_NAME = AccentColor;
				CODE_SIGN_STYLE = Automatic;
				DEVELOPMENT_TEAM = 436GQWMX99;
				INFOPLIST_FILE = Instagrammmm/Info.plist;
				LD_RUNPATH_SEARCH_PATHS = (
					"$(inherited)",
					"@executable_path/Frameworks",
				);
				PRODUCT_BUNDLE_IDENTIFIER = com.shyshy.Instagrammmm;
				PRODUCT_NAME = "$(TARGET_NAME)";
				SWIFT_VERSION = 5.0;
				TARGETED_DEVICE_FAMILY = "1,2";
			};
			name = Debug;
		};
		DB32A31225FDDFC20004E00D /* Release */ = {
			isa = XCBuildConfiguration;
			baseConfigurationReference = 1D527C5C93F7D4E285385C1B /* Pods-Instagrammmm.release.xcconfig */;
			buildSettings = {
				ASSETCATALOG_COMPILER_APPICON_NAME = AppIcon;
				ASSETCATALOG_COMPILER_GLOBAL_ACCENT_COLOR_NAME = AccentColor;
				CODE_SIGN_STYLE = Automatic;
				DEVELOPMENT_TEAM = 436GQWMX99;
				INFOPLIST_FILE = Instagrammmm/Info.plist;
				LD_RUNPATH_SEARCH_PATHS = (
					"$(inherited)",
					"@executable_path/Frameworks",
				);
				PRODUCT_BUNDLE_IDENTIFIER = com.shyshy.Instagrammmm;
				PRODUCT_NAME = "$(TARGET_NAME)";
				SWIFT_VERSION = 5.0;
				TARGETED_DEVICE_FAMILY = "1,2";
			};
			name = Release;
		};
		DB32A31425FDDFC20004E00D /* Debug */ = {
			isa = XCBuildConfiguration;
			baseConfigurationReference = 07CC9B21D3EAE07320E24C15 /* Pods-InstagrammmmTests.debug.xcconfig */;
			buildSettings = {
				ALWAYS_EMBED_SWIFT_STANDARD_LIBRARIES = YES;
				BUNDLE_LOADER = "$(TEST_HOST)";
				CODE_SIGN_STYLE = Automatic;
				DEVELOPMENT_TEAM = 436GQWMX99;
				INFOPLIST_FILE = InstagrammmmTests/Info.plist;
				IPHONEOS_DEPLOYMENT_TARGET = 14.4;
				LD_RUNPATH_SEARCH_PATHS = (
					"$(inherited)",
					"@executable_path/Frameworks",
					"@loader_path/Frameworks",
				);
				PRODUCT_BUNDLE_IDENTIFIER = com.shyshy.InstagrammmmTests;
				PRODUCT_NAME = "$(TARGET_NAME)";
				SWIFT_VERSION = 5.0;
				TARGETED_DEVICE_FAMILY = "1,2";
				TEST_HOST = "$(BUILT_PRODUCTS_DIR)/Instagrammmm.app/Instagrammmm";
			};
			name = Debug;
		};
		DB32A31525FDDFC20004E00D /* Release */ = {
			isa = XCBuildConfiguration;
			baseConfigurationReference = B36576C07F21B46B0E1D2BD6 /* Pods-InstagrammmmTests.release.xcconfig */;
			buildSettings = {
				ALWAYS_EMBED_SWIFT_STANDARD_LIBRARIES = YES;
				BUNDLE_LOADER = "$(TEST_HOST)";
				CODE_SIGN_STYLE = Automatic;
				DEVELOPMENT_TEAM = 436GQWMX99;
				INFOPLIST_FILE = InstagrammmmTests/Info.plist;
				IPHONEOS_DEPLOYMENT_TARGET = 14.4;
				LD_RUNPATH_SEARCH_PATHS = (
					"$(inherited)",
					"@executable_path/Frameworks",
					"@loader_path/Frameworks",
				);
				PRODUCT_BUNDLE_IDENTIFIER = com.shyshy.InstagrammmmTests;
				PRODUCT_NAME = "$(TARGET_NAME)";
				SWIFT_VERSION = 5.0;
				TARGETED_DEVICE_FAMILY = "1,2";
				TEST_HOST = "$(BUILT_PRODUCTS_DIR)/Instagrammmm.app/Instagrammmm";
			};
			name = Release;
		};
		DB32A31725FDDFC20004E00D /* Debug */ = {
			isa = XCBuildConfiguration;
			baseConfigurationReference = 530B6442E14A1BA13803F53C /* Pods-Instagrammmm-InstagrammmmUITests.debug.xcconfig */;
			buildSettings = {
				ALWAYS_EMBED_SWIFT_STANDARD_LIBRARIES = YES;
				CODE_SIGN_STYLE = Automatic;
				DEVELOPMENT_TEAM = 436GQWMX99;
				INFOPLIST_FILE = InstagrammmmUITests/Info.plist;
				LD_RUNPATH_SEARCH_PATHS = (
					"$(inherited)",
					"@executable_path/Frameworks",
					"@loader_path/Frameworks",
				);
				PRODUCT_BUNDLE_IDENTIFIER = com.shyshy.InstagrammmmUITests;
				PRODUCT_NAME = "$(TARGET_NAME)";
				SWIFT_VERSION = 5.0;
				TARGETED_DEVICE_FAMILY = "1,2";
				TEST_TARGET_NAME = Instagrammmm;
			};
			name = Debug;
		};
		DB32A31825FDDFC20004E00D /* Release */ = {
			isa = XCBuildConfiguration;
			baseConfigurationReference = BC48E4F27FC64FF73FFD4615 /* Pods-Instagrammmm-InstagrammmmUITests.release.xcconfig */;
			buildSettings = {
				ALWAYS_EMBED_SWIFT_STANDARD_LIBRARIES = YES;
				CODE_SIGN_STYLE = Automatic;
				DEVELOPMENT_TEAM = 436GQWMX99;
				INFOPLIST_FILE = InstagrammmmUITests/Info.plist;
				LD_RUNPATH_SEARCH_PATHS = (
					"$(inherited)",
					"@executable_path/Frameworks",
					"@loader_path/Frameworks",
				);
				PRODUCT_BUNDLE_IDENTIFIER = com.shyshy.InstagrammmmUITests;
				PRODUCT_NAME = "$(TARGET_NAME)";
				SWIFT_VERSION = 5.0;
				TARGETED_DEVICE_FAMILY = "1,2";
				TEST_TARGET_NAME = Instagrammmm;
			};
			name = Release;
		};
/* End XCBuildConfiguration section */

/* Begin XCConfigurationList section */
		DB32A2E125FDDFC10004E00D /* Build configuration list for PBXProject "Instagrammmm" */ = {
			isa = XCConfigurationList;
			buildConfigurations = (
				DB32A30E25FDDFC20004E00D /* Debug */,
				DB32A30F25FDDFC20004E00D /* Release */,
			);
			defaultConfigurationIsVisible = 0;
			defaultConfigurationName = Release;
		};
		DB32A31025FDDFC20004E00D /* Build configuration list for PBXNativeTarget "Instagrammmm" */ = {
			isa = XCConfigurationList;
			buildConfigurations = (
				DB32A31125FDDFC20004E00D /* Debug */,
				DB32A31225FDDFC20004E00D /* Release */,
			);
			defaultConfigurationIsVisible = 0;
			defaultConfigurationName = Release;
		};
		DB32A31325FDDFC20004E00D /* Build configuration list for PBXNativeTarget "InstagrammmmTests" */ = {
			isa = XCConfigurationList;
			buildConfigurations = (
				DB32A31425FDDFC20004E00D /* Debug */,
				DB32A31525FDDFC20004E00D /* Release */,
			);
			defaultConfigurationIsVisible = 0;
			defaultConfigurationName = Release;
		};
		DB32A31625FDDFC20004E00D /* Build configuration list for PBXNativeTarget "InstagrammmmUITests" */ = {
			isa = XCConfigurationList;
			buildConfigurations = (
				DB32A31725FDDFC20004E00D /* Debug */,
				DB32A31825FDDFC20004E00D /* Release */,
			);
			defaultConfigurationIsVisible = 0;
			defaultConfigurationName = Release;
		};
/* End XCConfigurationList section */
	};
	rootObject = DB32A2DE25FDDFC10004E00D /* Project object */;
}
